// !$*UTF8*$!
{
	archiveVersion = 1;
	classes = {
	};
	objectVersion = 56;
	objects = {

/* Begin PBXBuildFile section */
		07CF7B11305869D9007EF444 /* ID_PPGApp.swift in Sources */ = {isa = PBXBuildFile; fileRef = 07CF7B01305869D9007EF444 /* ID_PPGApp.swift */; };
		07CF7B12305869D9007EF444 /* ContentView.swift in Sources */ = {isa = PBXBuildFile; fileRef = 07CF7B02305869D9007EF444 /* ContentView.swift */; };
		07CF7B13305869D9007EF444 /* Persistence.swift in Sources */ = {isa = PBXBuildFile; fileRef = 07CF7B03305869D9007EF444 /* Persistence.swift */; };
		07CF7B14305869D9007EF444 /* Assets.xcassets in Resources */ = {isa = PBXBuildFile; fileRef = 07CF7B04305869D9007EF444 /* Assets.xcassets */; };
		07CF7B16305869D9007EF444 /* ID_PPG.xcdatamodeld in Sources */ = {isa = PBXBuildFile; fileRef = 07CF7B06305869D9007EF444 /* ID_PPG.xcdatamodeld */; };
		07CF7B19305869D9007EF444 /* ID_PPGTests.swift in Sources */ = {isa = PBXBuildFile; fileRef = 07CF7B09305869D9007EF444 /* ID_PPGTests.swift */; };
/* End PBXBuildFile section */

/* Begin PBXContainerItemProxy section */
		07CF7AC2305869D9007EF444 /* PBXContainerItemProxy */ = {
			isa = PBXContainerItemProxy;
			containerPortal = 07CF7AA5305869D7007EF444 /* Project object */;
			proxyType = 1;
			remoteGlobalIDString = 07CF7AAC305869D7007EF444;
			remoteInfo = "ID PPG";
		};
/* End PBXContainerItemProxy section */

/* Begin PBXFileReference section */
		07CF7AAD305869D7007EF444 /* ID PPG.app */ = {isa = PBXFileReference; explicitFileType = wrapper.application; includeInIndex = 0; path = "ID PPG.app"; sourceTree = BUILT_PRODUCTS_DIR; };
		07CF7AC1305869D9007EF444 /* ID PPGTests.xctest */ = {isa = PBXFileReference; explicitFileType = wrapper.cfbundle; includeInIndex = 0; path = "ID PPGTests.xctest"; sourceTree = BUILT_PRODUCTS_DIR; };
		07CF7B01305869D9007EF444 /* ID_PPGApp.swift */ = {isa = PBXFileReference; lastKnownFileType = sourcecode.swift; path = ID_PPGApp.swift; sourceTree = "<group>"; };
		07CF7B02305869D9007EF444 /* ContentView.swift */ = {isa = PBXFileReference; lastKnownFileType = sourcecode.swift; path = ContentView.swift; sourceTree = "<group>"; };
		07CF7B03305869D9007EF444 /* Persistence.swift */ = {isa = PBXFileReference; lastKnownFileType = sourcecode.swift; path = Persistence.swift; sourceTree = "<group>"; };
		07CF7B04305869D9007EF444 /* Assets.xcassets */ = {isa = PBXFileReference; lastKnownFileType = folder.assetcatalog; path = Assets.xcassets; sourceTree = "<group>"; };
		07CF7B05305869D9007EF444 /* ID_PPG.xcdatamodel */ = {isa = PBXFileReference; lastKnownFileType = wrapper.xcdatamodel; path = ID_PPG.xcdatamodel; sourceTree = "<group>"; };
		07CF7B08305869D9007EF444 /* Info.plist */ = {isa = PBXFileReference; lastKnownFileType = text.plist.xml; path = Info.plist; sourceTree = "<group>"; };
		07CF7B09305869D9007EF444 /* ID_PPGTests.swift */ = {isa = PBXFileReference; lastKnownFileType = sourcecode.swift; path = ID_PPGTests.swift; sourceTree = "<group>"; };
/* End PBXFileReference section */

/* Begin PBXFrameworksBuildPhase section */
		07CF7AAA305869D7007EF444 /* Frameworks */ = {
			isa = PBXFrameworksBuildPhase;
			buildActionMask = 2147483647;
			files = (
			);
			runOnlyForDeploymentPostprocessing = 0;
		};
		07CF7ABE305869D9007EF444 /* Frameworks */ = {
			isa = PBXFrameworksBuildPhase;
			buildActionMask = 2147483647;
			files = (
			);
			runOnlyForDeploymentPostprocessing = 0;
		};
/* End PBXFrameworksBuildPhase section */

/* Begin PBXGroup section */
		07CF7AA4305869D7007EF444 = {
			isa = PBXGroup;
			children = (
				07CF7AAF305869D7007EF444 /* ID PPG */,
				07CF7AC4305869D9007EF444 /* ID PPGTests */,
				07CF7AAE305869D7007EF444 /* Products */,
			);
			sourceTree = "<group>";
		};
		07CF7AAE305869D7007EF444 /* Products */ = {
			isa = PBXGroup;
			children = (
				07CF7AAD305869D7007EF444 /* ID PPG.app */,
				07CF7AC1305869D9007EF444 /* ID PPGTests.xctest */,
			);
			name = Products;
			sourceTree = "<group>";
		};
		07CF7AAF305869D7007EF444 /* ID PPG */ = {
			isa = PBXGroup;
			children = (
				07CF7B01305869D9007EF444 /* ID_PPGApp.swift */,
				07CF7B02305869D9007EF444 /* ContentView.swift */,
				07CF7B03305869D9007EF444 /* Persistence.swift */,
				07CF7B04305869D9007EF444 /* Assets.xcassets */,
				07CF7B06305869D9007EF444 /* ID_PPG.xcdatamodeld */,
				07CF7B08305869D9007EF444 /* Info.plist */,
			);
			path = "ID PPG";
			sourceTree = "<group>";
		};
		07CF7AC4305869D9007EF444 /* ID PPGTests */ = {
			isa = PBXGroup;
			children = (
				07CF7B09305869D9007EF444 /* ID_PPGTests.swift */,
			);
			path = "ID PPGTests";
			sourceTree = "<group>";
		};
/* End PBXGroup section */

/* Begin PBXNativeTarget section */
		07CF7AAC305869D7007EF444 /* ID PPG */ = {
			isa = PBXNativeTarget;
			buildConfigurationList = 07CF7AD4305869D9007EF444 /* Build configuration list for PBXNativeTarget "ID PPG" */;
			buildPhases = (
				07CF7AA9305869D7007EF444 /* Sources */,
				07CF7AAA305869D7007EF444 /* Frameworks */,
				07CF7AAB305869D7007EF444 /* Resources */,
			);
			buildRules = (
			);
			dependencies = (
			);
			name = "ID PPG";
			productName = "ID PPG";
			productReference = 07CF7AAD305869D7007EF444 /* ID PPG.app */;
			productType = "com.apple.product-type.application";
		};
		07CF7AC0305869D9007EF444 /* ID PPGTests */ = {
			isa = PBXNativeTarget;
			buildConfigurationList = 07CF7AD9305869D9007EF444 /* Build configuration list for PBXNativeTarget "ID PPGTests" */;
			buildPhases = (
				07CF7ABD305869D9007EF444 /* Sources */,
				07CF7ABE305869D9007EF444 /* Frameworks */,
				07CF7ABF305869D9007EF444 /* Resources */,
			);
			buildRules = (
			);
			dependencies = (
				07CF7AC3305869D9007EF444 /* PBXTargetDependency */,
			);
			name = "ID PPGTests";
			productName = "ID PPGTests";
			productReference = 07CF7AC1305869D9007EF444 /* ID PPGTests.xctest */;
			productType = "com.apple.product-type.bundle.unit-test";
		};
/* End PBXNativeTarget section */

/* Begin PBXProject section */
		07CF7AA5305869D7007EF444 /* Project object */ = {
			isa = PBXProject;
			attributes = {
				BuildIndependentTargetsInParallel = 1;
				LastSwiftUpdateCheck = 1420;
				LastUpgradeCheck = 1420;
				TargetAttributes = {
					07CF7AAC305869D7007EF444 = {
						CreatedOnToolsVersion = 14.2;
					};
					07CF7AC0305869D9007EF444 = {
						CreatedOnToolsVersion = 14.2;
						TestTargetID = 07CF7AAC305869D7007EF444;
					};
				};
			};
			buildConfigurationList = 07CF7AA8305869D7007EF444 /* Build configuration list for PBXProject "ID PPG" */;
			compatibilityVersion = "Xcode 14.0";
			developmentRegion = en;
			hasScannedForEncodings = 0;
			knownRegions = (
				en,
				Base,
			);
			mainGroup = 07CF7AA4305869D7007EF444;
			productRefGroup = 07CF7AAE305869D7007EF444 /* Products */;
			projectDirPath = "";
			projectRoot = "";
			targets = (
				07CF7AAC305869D7007EF444 /* ID PPG */,
				07CF7AC0305869D9007EF444 /* ID PPGTests */,
			);
		};
/* End PBXProject section */

/* Begin PBXResourcesBuildPhase section */
		07CF7AAB305869D7007EF444 /* Resources */ = {
			isa = PBXResourcesBuildPhase;
			buildActionMask = 2147483647;
			files = (
				07CF7B14305869D9007EF444 /* Assets.xcassets in Resources */,
			);
			runOnlyForDeploymentPostprocessing = 0;
		};
		07CF7ABF305869D9007EF444 /* Resources */ = {
			isa = PBXResourcesBuildPhase;
			buildActionMask = 2147483647;
			files = (
			);
			runOnlyForDeploymentPostprocessing = 0;
		};
/* End PBXResourcesBuildPhase section */

/* Begin PBXSourcesBuildPhase section */
		07CF7AA9305869D7007EF444 /* Sources */ = {
			isa = PBXSourcesBuildPhase;
			buildActionMask = 2147483647;
			files = (
				07CF7B16305869D9007EF444 /* ID_PPG.xcdatamodeld in Sources */,
				07CF7B12305869D9007EF444 /* ContentView.swift in Sources */,
				07CF7B11305869D9007EF444 /* ID_PPGApp.swift in Sources */,
				07CF7B13305869D9007EF444 /* Persistence.swift in Sources */,
			);
			runOnlyForDeploymentPostprocessing = 0;
		};
		07CF7ABD305869D9007EF444 /* Sources */ = {
			isa = PBXSourcesBuildPhase;
			buildActionMask = 2147483647;
			files = (
				07CF7B19305869D9007EF444 /* ID_PPGTests.swift in Sources */,
			);
			runOnlyForDeploymentPostprocessing = 0;
		};
/* End PBXSourcesBuildPhase section */

/* Begin PBXTargetDependency section */
		07CF7AC3305869D9007EF444 /* PBXTargetDependency */ = {
			isa = PBXTargetDependency;
			target = 07CF7AAC305869D7007EF444 /* ID PPG */;
			targetProxy = 07CF7AC2305869D9007EF444 /* PBXContainerItemProxy */;
		};
/* End PBXTargetDependency section */

/* Begin XCBuildConfiguration section */
		07CF7AD5305869D9007EF444 /* Debug */ = {
			isa = XCBuildConfiguration;
			buildSettings = {
				ASSETCATALOG_COMPILER_APPICON_NAME = AppIcon;
				ASSETCATALOG_COMPILER_GLOBAL_ACCENT_COLOR_NAME = AccentColor;
				CODE_SIGN_STYLE = Automatic;
				CURRENT_PROJECT_VERSION = 1;
				DEVELOPMENT_TEAM = LWLF83REEU;
				ENABLE_PREVIEWS = YES;
				GENERATE_INFOPLIST_FILE = YES;
				INFOPLIST_FILE = "ID PPG/Info.plist";
				INFOPLIST_KEY_CFBundleDisplayName = "SUNY PPG";
				INFOPLIST_KEY_LSApplicationCategoryType = "public.app-category.healthcare-fitness";
				INFOPLIST_KEY_UIApplicationSceneManifest_Generation = YES;
				INFOPLIST_KEY_UIApplicationSupportsIndirectInputEvents = YES;
				INFOPLIST_KEY_UILaunchScreen_Generation = YES;
				INFOPLIST_KEY_UIStatusBarStyle = UIStatusBarStyleDefault;
				INFOPLIST_KEY_UISupportedInterfaceOrientations_iPad = "UIInterfaceOrientationPortrait UIInterfaceOrientationPortraitUpsideDown";
				INFOPLIST_KEY_UISupportedInterfaceOrientations = "UIInterfaceOrientationLandscapeLeft UIInterfaceOrientationLandscapeRight UIInterfaceOrientationPortrait";
				LD_RUNPATH_SEARCH_PATHS = (
					"$(inherited)",
					"@executable_path/Frameworks",
				);
				MARKETING_VERSION = 1.0;
				PRODUCT_BUNDLE_IDENTIFIER = "com.meiotic.ppg.ID-PPG";
				PRODUCT_NAME = "$(TARGET_NAME)";
				SWIFT_EMIT_LOC_STRINGS = YES;
				SWIFT_VERSION = 5.0;
				TARGETED_DEVICE_FAMILY = "1,2";
			};
			name = Debug;
		};
		07CF7AD6305869D9007EF444 /* Release */ = {
			isa = XCBuildConfiguration;
			buildSettings = {
				ASSETCATALOG_COMPILER_APPICON_NAME = AppIcon;
				ASSETCATALOG_COMPILER_GLOBAL_ACCENT_COLOR_NAME = AccentColor;
				CODE_SIGN_STYLE = Automatic;
				CURRENT_PROJECT_VERSION = 1;
				DEVELOPMENT_TEAM = LWLF83REEU;
				ENABLE_PREVIEWS = YES;
				GENERATE_INFOPLIST_FILE = YES;
				INFOPLIST_FILE = "ID PPG/Info.plist";
				INFOPLIST_KEY_CFBundleDisplayName = "SUNY PPG";
				INFOPLIST_KEY_LSApplicationCategoryType = "public.app-category.healthcare-fitness";
				INFOPLIST_KEY_UIApplicationSceneManifest_Generation = YES;
				INFOPLIST_KEY_UIApplicationSupportsIndirectInputEvents = YES;
				INFOPLIST_KEY_UILaunchScreen_Generation = YES;
				INFOPLIST_KEY_UIStatusBarStyle = UIStatusBarStyleDefault;
				INFOPLIST_KEY_UISupportedInterfaceOrientations_iPad = "UIInterfaceOrientationPortrait UIInterfaceOrientationPortraitUpsideDown";
				INFOPLIST_KEY_UISupportedInterfaceOrientations = "UIInterfaceOrientationLandscapeLeft UIInterfaceOrientationLandscapeRight UIInterfaceOrientationPortrait";
				LD_RUNPATH_SEARCH_PATHS = (
					"$(inherited)",
					"@executable_path/Frameworks",
				);
				MARKETING_VERSION = 1.0;
				PRODUCT_BUNDLE_IDENTIFIER = "com.meiotic.ppg.ID-PPG";
				PRODUCT_NAME = "$(TARGET_NAME)";
				SWIFT_EMIT_LOC_STRINGS = YES;
				SWIFT_VERSION = 5.0;
				TARGETED_DEVICE_FAMILY = "1,2";
			};
			name = Release;
		};
		07CF7AD7305869D9007EF444 /* Debug */ = {
			isa = XCBuildConfiguration;
			buildSettings = {
				ALWAYS_SEARCH_USER_PATHS = NO;
				CLANG_ANALYZER_NONNULL = YES;
				CLANG_ANALYZER_NUMBER_OBJECT_CONVERSION = YES_AGGRESSIVE;
				CLANG_CXX_LANGUAGE_STANDARD = "gnu++20";
				CLANG_ENABLE_MODULES = YES;
				CLANG_ENABLE_OBJC_ARC = YES;
				CLANG_ENABLE_OBJC_WEAK = YES;
				CLANG_WARN_BLOCK_CAPTURE_AUTORELEASING = YES;
				CLANG_WARN_BOOL_CONVERSION = YES;
				CLANG_WARN_COMMA = YES;
				CLANG_WARN_CONSTANT_CONVERSION = YES;
				CLANG_WARN_DEPRECATED_OBJC_IMPLEMENTATIONS = YES;
				CLANG_WARN_DIRECT_OBJC_ISA_USAGE = YES_ERROR;
				CLANG_WARN_DOCUMENTATION_COMMENTS = YES;
				CLANG_WARN_EMPTY_BODY = YES;
				CLANG_WARN_ENUM_CONVERSION = YES;
				CLANG_WARN_INFINITE_RECURSION = YES;
				CLANG_WARN_INT_CONVERSION = YES;
				CLANG_WARN_NON_LITERAL_NULL_CONVERSION = YES;
				CLANG_WARN_OBJC_IMPLICIT_RETAIN_SELF = YES;
				CLANG_WARN_OBJC_LITERAL_CONVERSION = YES;
				CLANG_WARN_OBJC_ROOT_CLASS = YES_ERROR;
				CLANG_WARN_QUOTED_INCLUDE_IN_FRAMEWORK_HEADER = YES;
				CLANG_WARN_RANGE_LOOP_ANALYSIS = YES;
				CLANG_WARN_STRICT_PROTOTYPES = YES;
				CLANG_WARN_SUSPICIOUS_MOVE = YES;
				CLANG_WARN_UNGUARDED_AVAILABILITY = YES_AGGRESSIVE;
				CLANG_WARN_UNREACHABLE_CODE = YES;
				CLANG_WARN__DUPLICATE_METHOD_MATCH = YES;
				COPY_PHASE_STRIP = NO;
				DEBUG_INFORMATION_FORMAT = dwarf;
				ENABLE_STRICT_OBJC_MSGSEND = YES;
				ENABLE_TESTABILITY = YES;
				GCC_C_LANGUAGE_STANDARD = gnu17;
				GCC_DYNAMIC_NO_PIC = NO;
				GCC_NO_COMMON_BLOCKS = YES;
				GCC_OPTIMIZATION_LEVEL = 0;
				GCC_PREPROCESSOR_DEFINITIONS = (
					"DEBUG=1",
					"$(inherited)",
				);
				GCC_WARN_64_TO_32_BIT_CONVERSION = YES;
				GCC_WARN_ABOUT_RETURN_TYPE = YES_ERROR;
				GCC_WARN_UNDECLARED_SELECTOR = YES;
				GCC_WARN_UNINITIALIZED_AUTOS = YES_AGGRESSIVE;
				GCC_WARN_UNUSED_FUNCTION = YES;
				GCC_WARN_UNUSED_VARIABLE = YES;
				IPHONEOS_DEPLOYMENT_TARGET = 16.0;
				MTL_ENABLE_DEBUG_INFO = INCLUDE_SOURCE;
				MTL_FAST_MATH = YES;
				ONLY_ACTIVE_ARCH = YES;
				SDKROOT = iphoneos;
				SWIFT_ACTIVE_COMPILATION_CONDITIONS = "DEBUG $(inherited)";
				SWIFT_OPTIMIZATION_LEVEL = "-Onone";
			};
			name = Debug;
		};
		07CF7AD8305869D9007EF444 /* Release */ = {
			isa = XCBuildConfiguration;
			buildSettings = {
				ALWAYS_SEARCH_USER_PATHS = NO;
				CLANG_ANALYZER_NONNULL = YES;
				CLANG_ANALYZER_NUMBER_OBJECT_CONVERSION = YES_AGGRESSIVE;
				CLANG_CXX_LANGUAGE_STANDARD = "gnu++20";
				CLANG_ENABLE_MODULES = YES;
				CLANG_ENABLE_OBJC_ARC = YES;
				CLANG_ENABLE_OBJC_WEAK = YES;
				CLANG_WARN_BLOCK_CAPTURE_AUTORELEASING = YES;
				CLANG_WARN_BOOL_CONVERSION = YES;
				CLANG_WARN_COMMA = YES;
				CLANG_WARN_CONSTANT_CONVERSION = YES;
				CLANG_WARN_DEPRECATED_OBJC_IMPLEMENTATIONS = YES;
				CLANG_WARN_DIRECT_OBJC_ISA_USAGE = YES_ERROR;
				CLANG_WARN_DOCUMENTATION_COMMENTS = YES;
				CLANG_WARN_EMPTY_BODY = YES;
				CLANG_WARN_ENUM_CONVERSION = YES;
				CLANG_WARN_INFINITE_RECURSION = YES;
				CLANG_WARN_INT_CONVERSION = YES;
				CLANG_WARN_NON_LITERAL_NULL_CONVERSION = YES;
				CLANG_WARN_OBJC_IMPLICIT_RETAIN_SELF = YES;
				CLANG_WARN_OBJC_LITERAL_CONVERSION = YES;
				CLANG_WARN_OBJC_ROOT_CLASS = YES_ERROR;
				CLANG_WARN_QUOTED_INCLUDE_IN_FRAMEWORK_HEADER = YES;
				CLANG_WARN_RANGE_LOOP_ANALYSIS = YES;
				CLANG_WARN_STRICT_PROTOTYPES = YES;
				CLANG_WARN_SUSPICIOUS_MOVE = YES;
				CLANG_WARN_UNGUARDED_AVAILABILITY = YES_AGGRESSIVE;
				CLANG_WARN_UNREACHABLE_CODE = YES;
				CLANG_WARN__DUPLICATE_METHOD_MATCH = YES;
				COPY_PHASE_STRIP = NO;
				DEBUG_INFORMATION_FORMAT = "dwarf-with-dsym";
				ENABLE_NS_ASSERTIONS = NO;
				ENABLE_STRICT_OBJC_MSGSEND = YES;
				GCC_C_LANGUAGE_STANDARD = gnu17;
				GCC_NO_COMMON_BLOCKS = YES;
				GCC_WARN_64_TO_32_BIT_CONVERSION = YES;
				GCC_WARN_ABOUT_RETURN_TYPE = YES_ERROR;
				GCC_WARN_UNDECLARED_SELECTOR = YES;
				GCC_WARN_UNINITIALIZED_AUTOS = YES_AGGRESSIVE;
				GCC_WARN_UNUSED_FUNCTION = YES;
				GCC_WARN_UNUSED_VARIABLE = YES;
				IPHONEOS_DEPLOYMENT_TARGET = 16.0;
				MTL_ENABLE_DEBUG_INFO = NO;
				MTL_FAST_MATH = YES;
				SDKROOT = iphoneos;
				SWIFT_COMPILATION_MODE = wholemodule;
				SWIFT_OPTIMIZATION_LEVEL = "-O";
				VALIDATE_PRODUCT = YES;
			};
			name = Release;
		};
		07CF7ADA305869D9007EF444 /* Debug */ = {
			isa = XCBuildConfiguration;
			buildSettings = {
				BUNDLE_LOADER = "$(TEST_HOST)";
				CODE_SIGN_STYLE = Automatic;
				CURRENT_PROJECT_VERSION = 1;
				DEVELOPMENT_TEAM = LWLF83REEU;
				GENERATE_INFOPLIST_FILE = YES;
				MARKETING_VERSION = 1.0;
				PRODUCT_BUNDLE_IDENTIFIER = "com.meiotic.ppg.ID-PPGTests";
				PRODUCT_NAME = "$(TARGET_NAME)";
				SWIFT_EMIT_LOC_STRINGS = NO;
				SWIFT_VERSION = 5.0;
				TARGETED_DEVICE_FAMILY = "1,2";
				TEST_HOST = "$(BUILT_PRODUCTS_DIR)/ID PPG.app/ID PPG";
			};
			name = Debug;
		};
		07CF7ADB305869D9007EF444 /* Release */ = {
			isa = XCBuildConfiguration;
			buildSettings = {
				BUNDLE_LOADER = "$(TEST_HOST)";
				CODE_SIGN_STYLE = Automatic;
				CURRENT_PROJECT_VERSION = 1;
				DEVELOPMENT_TEAM = LWLF83REEU;
				GENERATE_INFOPLIST_FILE = YES;
				MARKETING_VERSION = 1.0;
				PRODUCT_BUNDLE_IDENTIFIER = "com.meiotic.ppg.ID-PPGTests";
				PRODUCT_NAME = "$(TARGET_NAME)";
				SWIFT_EMIT_LOC_STRINGS = NO;
				SWIFT_VERSION = 5.0;
				TARGETED_DEVICE_FAMILY = "1,2";
				TEST_HOST = "$(BUILT_PRODUCTS_DIR)/ID PPG.app/ID PPG";
			};
			name = Release;
		};
/* End XCBuildConfiguration section */

/* Begin XCConfigurationList section */
		07CF7AA8305869D7007EF444 /* Build configuration list for PBXProject "ID PPG" */ = {
			isa = XCConfigurationList;
			buildConfigurations = (
				07CF7AD7305869D9007EF444 /* Debug */,
				07CF7AD8305869D9007EF444 /* Release */,
			);
			defaultConfigurationIsVisible = 0;
			defaultConfigurationName = Release;
		};
		07CF7AD4305869D9007EF444 /* Build configuration list for PBXNativeTarget "ID PPG" */ = {
			isa = XCConfigurationList;
			buildConfigurations = (
				07CF7AD5305869D9007EF444 /* Debug */,
				07CF7AD6305869D9007EF444 /* Release */,
			);
			defaultConfigurationIsVisible = 0;
			defaultConfigurationName = Release;
		};
		07CF7AD9305869D9007EF444 /* Build configuration list for PBXNativeTarget "ID PPGTests" */ = {
			isa = XCConfigurationList;
			buildConfigurations = (
				07CF7ADA305869D9007EF444 /* Debug */,
				07CF7ADB305869D9007EF444 /* Release */,
			);
			defaultConfigurationIsVisible = 0;
			defaultConfigurationName = Release;
		};
/* End XCConfigurationList section */

/* Begin XCVersionGroup section */
		07CF7B06305869D9007EF444 /* ID_PPG.xcdatamodeld */ = {
			isa = XCVersionGroup;
			children = (
				07CF7B05305869D9007EF444 /* ID_PPG.xcdatamodel */,
			);
			currentVersion = 07CF7B05305869D9007EF444 /* ID_PPG.xcdatamodel */;
			path = ID_PPG.xcdatamodeld;
			sourceTree = "<group>";
			versionGroupType = wrapper.xcdatamodel;
		};
/* End XCVersionGroup section */
	};
	rootObject = 07CF7AA5305869D7007EF444 /* Project object */;
}
